
Microsoft Visual Studio Solution File, Format Version 12.00
# Visual Studio Version 17
VisualStudioVersion = 17.12.35514.174
MinimumVisualStudioVersion = 10.0.40219.1
Project("{8BC9CEB8-8B4A-11D0-8D11-00A0C91BC942}") = "quick-addition", "quick-addition\quick-addition.vcxproj", "{63BA0AAF-9C14-407D-88ED-BE7730ACA280}"
EndProject
Project("{8BC9CEB8-8B4A-11D0-8D11-00A0C91BC942}") = "quick-multiplication", "quick-multiplication\quick-multiplication.vcxproj", "{B034D2E0-F991-4DAA-95E2-E002DFD2730D}"
EndProject
Project("{8BC9CEB8-8B4A-11D0-8D11-00A0C91BC942}") = "quick-division", "quick-division\quick-division.vcxproj", "{3D7D657F-42F5-4796-9199-8D9956F6F469}"
EndProject
Project("{8BC9CEB8-8B4A-11D0-8D11-00A0C91BC942}") = "quick-subtraction", "quick-subtraction\quick-subtraction.vcxproj", "{2E125B0E-6066-4152-9668-6DB5A10FF27F}"
EndProject
Global
	GlobalSection(SolutionConfigurationPlatforms) = preSolution
		Debug|x64 = Debug|x64
		Debug|x86 = Debug|x86
		Release|x64 = Release|x64
		Release|x86 = Release|x86
	EndGlobalSection
	GlobalSection(ProjectConfigurationPlatforms) = postSolution
		{63BA0AAF-9C14-407D-88ED-BE7730ACA280}.Debug|x64.ActiveCfg = Debug|x64
		{63BA0AAF-9C14-407D-88ED-BE7730ACA280}.Debug|x64.Build.0 = Debug|x64
		{63BA0AAF-9C14-407D-88ED-BE7730ACA280}.Debug|x86.ActiveCfg = Debug|Win32
		{63BA0AAF-9C14-407D-88ED-BE7730ACA280}.Debug|x86.Build.0 = Debug|Win32
		{63BA0AAF-9C14-407D-88ED-BE7730ACA280}.Release|x64.ActiveCfg = Release|x64
		{63BA0AAF-9C14-407D-88ED-BE7730ACA280}.Release|x64.Build.0 = Release|x64
		{63BA0AAF-9C14-407D-88ED-BE7730ACA280}.Release|x86.ActiveCfg = Release|Win32
		{63BA0AAF-9C14-407D-88ED-BE7730ACA280}.Release|x86.Build.0 = Release|Win32
		{B034D2E0-F991-4DAA-95E2-E002DFD2730D}.Debug|x64.ActiveCfg = Debug|x64
		{B034D2E0-F991-4DAA-95E2-E002DFD2730D}.Debug|x64.Build.0 = Debug|x64
		{B034D2E0-F991-4DAA-95E2-E002DFD2730D}.Debug|x86.ActiveCfg = Debug|Win32
		{B034D2E0-F991-4DAA-95E2-E002DFD2730D}.Debug|x86.Build.0 = Debug|Win32
		{B034D2E0-F991-4DAA-95E2-E002DFD2730D}.Release|x64.ActiveCfg = Release|x64
		{B034D2E0-F991-4DAA-95E2-E002DFD2730D}.Release|x64.Build.0 = Release|x64
		{B034D2E0-F991-4DAA-95E2-E002DFD2730D}.Release|x86.ActiveCfg = Release|Win32
		{B034D2E0-F991-4DAA-95E2-E002DFD2730D}.Release|x86.Build.0 = Release|Win32
		{3D7D657F-42F5-4796-9199-8D9956F6F469}.Debug|x64.ActiveCfg = Debug|x64
		{3D7D657F-42F5-4796-9199-8D9956F6F469}.Debug|x64.Build.0 = Debug|x64
		{3D7D657F-42F5-4796-9199-8D9956F6F469}.Debug|x86.ActiveCfg = Debug|Win32
		{3D7D657F-42F5-4796-9199-8D9956F6F469}.Debug|x86.Build.0 = Debug|Win32
		{3D7D657F-42F5-4796-9199-8D9956F6F469}.Release|x64.ActiveCfg = Release|x64
		{3D7D657F-42F5-4796-9199-8D9956F6F469}.Release|x64.Build.0 = Release|x64
		{3D7D657F-42F5-4796-9199-8D9956F6F469}.Release|x86.ActiveCfg = Release|Win32
		{3D7D657F-42F5-4796-9199-8D9956F6F469}.Release|x86.Build.0 = Release|Win32
		{2E125B0E-6066-4152-9668-6DB5A10FF27F}.Debug|x64.ActiveCfg = Debug|x64
		{2E125B0E-6066-4152-9668-6DB5A10FF27F}.Debug|x64.Build.0 = Debug|x64
		{2E125B0E-6066-4152-9668-6DB5A10FF27F}.Debug|x86.ActiveCfg = Debug|Win32
		{2E125B0E-6066-4152-9668-6DB5A10FF27F}.Debug|x86.Build.0 = Debug|Win32
		{2E125B0E-6066-4152-9668-6DB5A10FF27F}.Release|x64.ActiveCfg = Release|x64
		{2E125B0E-6066-4152-9668-6DB5A10FF27F}.Release|x64.Build.0 = Release|x64
		{2E125B0E-6066-4152-9668-6DB5A10FF27F}.Release|x86.ActiveCfg = Release|Win32
		{2E125B0E-6066-4152-9668-6DB5A10FF27F}.Release|x86.Build.0 = Release|Win32
	EndGlobalSection
	GlobalSection(SolutionProperties) = preSolution
		HideSolutionNode = FALSE
	EndGlobalSection
EndGlobal
